
Microsoft Visual Studio Solution File, Format Version 12.00
Project("{FAE04EC0-301F-11D3-BF4B-00C04F79EFBC}") = "BlogApp", "BlogApp\BlogApp.csproj", "{1424A7F0-267C-4CDF-B678-A7B497B01F32}"
EndProject
Global
	GlobalSection(SolutionConfigurationPlatforms) = preSolution
		Debug|Any CPU = Debug|Any CPU
		Release|Any CPU = Release|Any CPU
	EndGlobalSection
	GlobalSection(ProjectConfigurationPlatforms) = postSolution
		{1424A7F0-267C-4CDF-B678-A7B497B01F32}.Debug|Any CPU.ActiveCfg = Debug|Any CPU
		{1424A7F0-267C-4CDF-B678-A7B497B01F32}.Debug|Any CPU.Build.0 = Debug|Any CPU
		{1424A7F0-267C-4CDF-B678-A7B497B01F32}.Release|Any CPU.ActiveCfg = Release|Any CPU
		{1424A7F0-267C-4CDF-B678-A7B497B01F32}.Release|Any CPU.Build.0 = Release|Any CPU
	EndGlobalSection
EndGlobal
